Microsoft Visual Studio Solution File, Format Version 9.00
# Visual Studio 2005
Project("{FAE04EC0-301F-11D3-BF4B-00C04F79EFBC}") = "Demo.Providers.Test", "Demo.Providers.Test.csproj", "{3532A689-4EC9-4BB7-9820-FC941FA834E2}"
EndProject
Global
	GlobalSection(SolutionConfigurationPlatforms) = preSolution
		Debug|Any CPU = Debug|Any CPU
		Release|Any CPU = Release|Any CPU
	EndGlobalSection
	GlobalSection(ProjectConfigurationPlatforms) = postSolution
		{3532A689-4EC9-4BB7-9820-FC941FA834E2}.Debug|Any CPU.ActiveCfg = Debug|Any CPU
		{3532A689-4EC9-4BB7-9820-FC941FA834E2}.Debug|Any CPU.Build.0 = Debug|Any CPU
		{3532A689-4EC9-4BB7-9820-FC941FA834E2}.Release|Any CPU.ActiveCfg = Release|Any CPU
		{3532A689-4EC9-4BB7-9820-FC941FA834E2}.Release|Any CPU.Build.0 = Release|Any CPU
	EndGlobalSection
	GlobalSection(SolutionProperties) = preSolution
		HideSolutionNode = FALSE
	EndGlobalSection
EndGlobal
