
Microsoft Visual Studio Solution File, Format Version 11.00
# Visual Studio 2010
Project("{FAE04EC0-301F-11D3-BF4B-00C04F79EFBC}") = "NHibernate.AAT", "NHibernate.AAT.csproj", "{D52850FA-C42D-4ABE-914D-67C578D59025}"
EndProject
Global
	GlobalSection(SolutionConfigurationPlatforms) = preSolution
		Debug|Any CPU = Debug|Any CPU
		Release|Any CPU = Release|Any CPU
	EndGlobalSection
	GlobalSection(ProjectConfigurationPlatforms) = postSolution
		{D52850FA-C42D-4ABE-914D-67C578D59025}.Debug|Any CPU.ActiveCfg = Debug|Any CPU
		{D52850FA-C42D-4ABE-914D-67C578D59025}.Debug|Any CPU.Build.0 = Debug|Any CPU
		{D52850FA-C42D-4ABE-914D-67C578D59025}.Release|Any CPU.ActiveCfg = Release|Any CPU
		{D52850FA-C42D-4ABE-914D-67C578D59025}.Release|Any CPU.Build.0 = Release|Any CPU
	EndGlobalSection
	GlobalSection(SolutionProperties) = preSolution
		HideSolutionNode = FALSE
	EndGlobalSection
EndGlobal
