
Microsoft Visual Studio Solution File, Format Version 10.00
# Visual Studio 2008
Project("{FAE04EC0-301F-11D3-BF4B-00C04F79EFBC}") = "ArchAngel.Providers.Database", "..\..\ArchAngel.Providers.Database\ArchAngel.Providers.Database.csproj", "{8A37DC98-F9E2-4C54-9FCA-7FAD7DCEE258}"
EndProject
Global
	GlobalSection(SolutionConfigurationPlatforms) = preSolution
		Debug|Any CPU = Debug|Any CPU
		Release|Any CPU = Release|Any CPU
	EndGlobalSection
	GlobalSection(ProjectConfigurationPlatforms) = postSolution
		{8A37DC98-F9E2-4C54-9FCA-7FAD7DCEE258}.Debug|Any CPU.ActiveCfg = Debug|Any CPU
		{8A37DC98-F9E2-4C54-9FCA-7FAD7DCEE258}.Debug|Any CPU.Build.0 = Debug|Any CPU
		{8A37DC98-F9E2-4C54-9FCA-7FAD7DCEE258}.Release|Any CPU.ActiveCfg = Release|Any CPU
		{8A37DC98-F9E2-4C54-9FCA-7FAD7DCEE258}.Release|Any CPU.Build.0 = Release|Any CPU
	EndGlobalSection
	GlobalSection(SolutionProperties) = preSolution
		HideSolutionNode = FALSE
	EndGlobalSection
EndGlobal
