
Microsoft Visual Studio Solution File, Format Version 10.00
# Visual Studio 2008
Project("{FAE04EC0-301F-11D3-BF4B-00C04F79EFBC}") = "ArchAngel.Providers.CodeProvider", "..\..\ArchAngel.Providers.CodeProvider\ArchAngel.Providers.CodeProvider.csproj", "{AA16CFFA-3659-4F91-9F07-C22360882B39}"
EndProject
Global
	GlobalSection(SolutionConfigurationPlatforms) = preSolution
		Debug|Any CPU = Debug|Any CPU
		Release|Any CPU = Release|Any CPU
	EndGlobalSection
	GlobalSection(ProjectConfigurationPlatforms) = postSolution
		{AA16CFFA-3659-4F91-9F07-C22360882B39}.Debug|Any CPU.ActiveCfg = Debug|Any CPU
		{AA16CFFA-3659-4F91-9F07-C22360882B39}.Debug|Any CPU.Build.0 = Debug|Any CPU
		{AA16CFFA-3659-4F91-9F07-C22360882B39}.Release|Any CPU.ActiveCfg = Release|Any CPU
		{AA16CFFA-3659-4F91-9F07-C22360882B39}.Release|Any CPU.Build.0 = Release|Any CPU
	EndGlobalSection
	GlobalSection(SolutionProperties) = preSolution
		HideSolutionNode = FALSE
	EndGlobalSection
EndGlobal
